github.com/jgazeau/shadocs v0.0.0-20250308170156-d589d87d7ef9 h1:A7e8QoPUkfWW3Jg5fpYXFQRi/dpbHrnZ6Phuol6qndo=
github.com/jgazeau/shadocs v0.0.0-20250308170156-d589d87d7ef9/go.mod h1:lh2LpFEzd7eZ51bssSV8bKZh6pJCtWJhjs7aDBQ5sws=
github.com/jgthms/bulma v0.0.0-20230316224009-ca6524c5ae66 h1:t73X9XKvE4C66vlxD+gp9YY+CdtQ0C/w05VO9unyh2s=
github.com/jgthms/bulma v0.0.0-20230316224009-ca6524c5ae66/go.mod h1:89FLBKXYFKfOKAoDeUT26V0pHGwzr205cMXAEqtAVOI=
