github.com/jgazeau/shadocs v0.0.0-20230321223522-9de57565c6f9 h1:Z1Pfi20BiYb9sdQATt/ko3HURxnfzorHwb9trRBA81M=
github.com/jgazeau/shadocs v0.0.0-20230321223522-9de57565c6f9/go.mod h1:lh2LpFEzd7eZ51bssSV8bKZh6pJCtWJhjs7aDBQ5sws=
github.com/jgthms/bulma v0.0.0-20230316224009-ca6524c5ae66 h1:t73X9XKvE4C66vlxD+gp9YY+CdtQ0C/w05VO9unyh2s=
github.com/jgthms/bulma v0.0.0-20230316224009-ca6524c5ae66/go.mod h1:89FLBKXYFKfOKAoDeUT26V0pHGwzr205cMXAEqtAVOI=
